// !$*UTF8*$!
{
	archiveVersion = 1;
	classes = {
	};
	objectVersion = 46;
	objects = {

/* Begin PBXBuildFile section */
		078F58849C9D44E54523B184 /* libPods.a in Frameworks */ = {isa = PBXBuildFile; fileRef = 93E0C30EE6D8F6E41A30474E /* libPods.a */; };
		EC0957FA1C8EA6EA00907FCF /* LJBSpringAnimationController.m in Sources */ = {isa = PBXBuildFile; fileRef = EC0957F91C8EA6EA00907FCF /* LJBSpringAnimationController.m */; };
		EC0957FE1C8EBE2400907FCF /* LJBSpringAnimationTool.m in Sources */ = {isa = PBXBuildFile; fileRef = EC0957FD1C8EBE2400907FCF /* LJBSpringAnimationTool.m */; };
		EC0958001C8EC8BE00907FCF /* spring.gif in Resources */ = {isa = PBXBuildFile; fileRef = EC0957FF1C8EC8BE00907FCF /* spring.gif */; };
		EC26D5741C5873DE001565F6 /* LJBLoopSpotLoadingView.m in Sources */ = {isa = PBXBuildFile; fileRef = EC26D5731C5873DE001565F6 /* LJBLoopSpotLoadingView.m */; };
		EC6CD1AF1C4F67F000EE344D /* Main.storyboard in Resources */ = {isa = PBXBuildFile; fileRef = EC6CD1AD1C4F67F000EE344D /* Main.storyboard */; };
		EC6CD1B11C4F67F000EE344D /* Assets.xcassets in Resources */ = {isa = PBXBuildFile; fileRef = EC6CD1B01C4F67F000EE344D /* Assets.xcassets */; };
		EC6CD1B41C4F67F000EE344D /* LaunchScreen.storyboard in Resources */ = {isa = PBXBuildFile; fileRef = EC6CD1B21C4F67F000EE344D /* LaunchScreen.storyboard */; };
		EC6CD1BF1C4F67F000EE344D /* LJBAnimationDemosTests.m in Sources */ = {isa = PBXBuildFile; fileRef = EC6CD1BE1C4F67F000EE344D /* LJBAnimationDemosTests.m */; };
		EC6CD1CA1C4F67F000EE344D /* LJBAnimationDemosUITests.m in Sources */ = {isa = PBXBuildFile; fileRef = EC6CD1C91C4F67F000EE344D /* LJBAnimationDemosUITests.m */; };
		EC6CD1E01C4F684D00EE344D /* AppDelegate.m in Sources */ = {isa = PBXBuildFile; fileRef = EC6CD1DB1C4F684D00EE344D /* AppDelegate.m */; };
		EC6CD1E11C4F684D00EE344D /* main.m in Sources */ = {isa = PBXBuildFile; fileRef = EC6CD1DC1C4F684D00EE344D /* main.m */; };
		EC6CD1E51C4F687D00EE344D /* LJBRootController.m in Sources */ = {isa = PBXBuildFile; fileRef = EC6CD1E41C4F687D00EE344D /* LJBRootController.m */; };
		EC6CD1F01C4F6C7B00EE344D /* LJBLoadingAnimationController.m in Sources */ = {isa = PBXBuildFile; fileRef = EC6CD1EE1C4F6C7B00EE344D /* LJBLoadingAnimationController.m */; };
		EC6CD1F41C4F6D4200EE344D /* LJBPotLoadingView.m in Sources */ = {isa = PBXBuildFile; fileRef = EC6CD1F31C4F6D4200EE344D /* LJBPotLoadingView.m */; };
		EC98E1051C6392880055DC02 /* LJBLoopScaleLoadingView.m in Sources */ = {isa = PBXBuildFile; fileRef = EC98E1041C6392880055DC02 /* LJBLoopScaleLoadingView.m */; };
		EC98E1071C63A1BC0055DC02 /* animation.gif in Resources */ = {isa = PBXBuildFile; fileRef = EC98E1061C63A1BC0055DC02 /* animation.gif */; };
		ECEE65171C50893D00B987CC /* LJBFanLoadingView.m in Sources */ = {isa = PBXBuildFile; fileRef = ECEE65161C50893D00B987CC /* LJBFanLoadingView.m */; };
		ECEE651A1C5091B600B987CC /* LJBLoopPieLoadingView.m in Sources */ = {isa = PBXBuildFile; fileRef = ECEE65191C5091B600B987CC /* LJBLoopPieLoadingView.m */; };
		ECEE651D1C50B3EB00B987CC /* LJBLoopLoadingView.m in Sources */ = {isa = PBXBuildFile; fileRef = ECEE651C1C50B3EB00B987CC /* LJBLoopLoadingView.m */; };
/* End PBXBuildFile section */

/* Begin PBXContainerItemProxy section */
		EC6CD1BB1C4F67F000EE344D /* PBXContainerItemProxy */ = {
			isa = PBXContainerItemProxy;
			containerPortal = EC6CD1991C4F67F000EE344D /* Project object */;
			proxyType = 1;
			remoteGlobalIDString = EC6CD1A01C4F67F000EE344D;
			remoteInfo = LJBAnimationDemos;
		};
		EC6CD1C61C4F67F000EE344D /* PBXContainerItemProxy */ = {
			isa = PBXContainerItemProxy;
			containerPortal = EC6CD1991C4F67F000EE344D /* Project object */;
			proxyType = 1;
			remoteGlobalIDString = EC6CD1A01C4F67F000EE344D;
			remoteInfo = LJBAnimationDemos;
		};
/* End PBXContainerItemProxy section */

/* Begin PBXFileReference section */
		4522778BF37E95EBFF389EE1 /* Pods.debug.xcconfig */ = {isa = PBXFileReference; includeInIndex = 1; lastKnownFileType = text.xcconfig; name = Pods.debug.xcconfig; path = "Pods/Target Support Files/Pods/Pods.debug.xcconfig"; sourceTree = "<group>"; };
		93E0C30EE6D8F6E41A30474E /* libPods.a */ = {isa = PBXFileReference; explicitFileType = archive.ar; includeInIndex = 0; path = libPods.a; sourceTree = BUILT_PRODUCTS_DIR; };
		9FFFB79EF346C26D381CEEAE /* Pods.release.xcconfig */ = {isa = PBXFileReference; includeInIndex = 1; lastKnownFileType = text.xcconfig; name = Pods.release.xcconfig; path = "Pods/Target Support Files/Pods/Pods.release.xcconfig"; sourceTree = "<group>"; };
		EC0957F81C8EA6EA00907FCF /* LJBSpringAnimationController.h */ = {isa = PBXFileReference; fileEncoding = 4; lastKnownFileType = sourcecode.c.h; path = LJBSpringAnimationController.h; sourceTree = "<group>"; };
		EC0957F91C8EA6EA00907FCF /* LJBSpringAnimationController.m */ = {isa = PBXFileReference; fileEncoding = 4; lastKnownFileType = sourcecode.c.objc; path = LJBSpringAnimationController.m; sourceTree = "<group>"; };
		EC0957FC1C8EBE2400907FCF /* LJBSpringAnimationTool.h */ = {isa = PBXFileReference; fileEncoding = 4; lastKnownFileType = sourcecode.c.h; path = LJBSpringAnimationTool.h; sourceTree = "<group>"; };
		EC0957FD1C8EBE2400907FCF /* LJBSpringAnimationTool.m */ = {isa = PBXFileReference; fileEncoding = 4; lastKnownFileType = sourcecode.c.objc; path = LJBSpringAnimationTool.m; sourceTree = "<group>"; };
		EC0957FF1C8EC8BE00907FCF /* spring.gif */ = {isa = PBXFileReference; lastKnownFileType = image.gif; path = spring.gif; sourceTree = "<group>"; };
		EC26D5721C5873DE001565F6 /* LJBLoopSpotLoadingView.h */ = {isa = PBXFileReference; fileEncoding = 4; lastKnownFileType = sourcecode.c.h; path = LJBLoopSpotLoadingView.h; sourceTree = "<group>"; };
		EC26D5731C5873DE001565F6 /* LJBLoopSpotLoadingView.m */ = {isa = PBXFileReference; fileEncoding = 4; lastKnownFileType = sourcecode.c.objc; path = LJBLoopSpotLoadingView.m; sourceTree = "<group>"; };
		EC6CD1A11C4F67F000EE344D /* LJBAnimationDemos.app */ = {isa = PBXFileReference; explicitFileType = wrapper.application; includeInIndex = 0; path = LJBAnimationDemos.app; sourceTree = BUILT_PRODUCTS_DIR; };
		EC6CD1AE1C4F67F000EE344D /* Base */ = {isa = PBXFileReference; lastKnownFileType = file.storyboard; name = Base; path = Base.lproj/Main.storyboard; sourceTree = "<group>"; };
		EC6CD1B01C4F67F000EE344D /* Assets.xcassets */ = {isa = PBXFileReference; lastKnownFileType = folder.assetcatalog; path = Assets.xcassets; sourceTree = "<group>"; };
		EC6CD1B31C4F67F000EE344D /* Base */ = {isa = PBXFileReference; lastKnownFileType = file.storyboard; name = Base; path = Base.lproj/LaunchScreen.storyboard; sourceTree = "<group>"; };
		EC6CD1B51C4F67F000EE344D /* Info.plist */ = {isa = PBXFileReference; lastKnownFileType = text.plist.xml; path = Info.plist; sourceTree = "<group>"; };
		EC6CD1BA1C4F67F000EE344D /* LJBAnimationDemosTests.xctest */ = {isa = PBXFileReference; explicitFileType = wrapper.cfbundle; includeInIndex = 0; path = LJBAnimationDemosTests.xctest; sourceTree = BUILT_PRODUCTS_DIR; };
		EC6CD1BE1C4F67F000EE344D /* LJBAnimationDemosTests.m */ = {isa = PBXFileReference; lastKnownFileType = sourcecode.c.objc; path = LJBAnimationDemosTests.m; sourceTree = "<group>"; };
		EC6CD1C01C4F67F000EE344D /* Info.plist */ = {isa = PBXFileReference; lastKnownFileType = text.plist.xml; path = Info.plist; sourceTree = "<group>"; };
		EC6CD1C51C4F67F000EE344D /* LJBAnimationDemosUITests.xctest */ = {isa = PBXFileReference; explicitFileType = wrapper.cfbundle; includeInIndex = 0; path = LJBAnimationDemosUITests.xctest; sourceTree = BUILT_PRODUCTS_DIR; };
		EC6CD1C91C4F67F000EE344D /* LJBAnimationDemosUITests.m */ = {isa = PBXFileReference; lastKnownFileType = sourcecode.c.objc; path = LJBAnimationDemosUITests.m; sourceTree = "<group>"; };
		EC6CD1CB1C4F67F000EE344D /* Info.plist */ = {isa = PBXFileReference; lastKnownFileType = text.plist.xml; path = Info.plist; sourceTree = "<group>"; };
		EC6CD1DA1C4F684D00EE344D /* AppDelegate.h */ = {isa = PBXFileReference; fileEncoding = 4; lastKnownFileType = sourcecode.c.h; path = AppDelegate.h; sourceTree = "<group>"; };
		EC6CD1DB1C4F684D00EE344D /* AppDelegate.m */ = {isa = PBXFileReference; fileEncoding = 4; lastKnownFileType = sourcecode.c.objc; path = AppDelegate.m; sourceTree = "<group>"; };
		EC6CD1DC1C4F684D00EE344D /* main.m */ = {isa = PBXFileReference; fileEncoding = 4; lastKnownFileType = sourcecode.c.objc; path = main.m; sourceTree = "<group>"; };
		EC6CD1E31C4F687D00EE344D /* LJBRootController.h */ = {isa = PBXFileReference; fileEncoding = 4; lastKnownFileType = sourcecode.c.h; path = LJBRootController.h; sourceTree = "<group>"; };
		EC6CD1E41C4F687D00EE344D /* LJBRootController.m */ = {isa = PBXFileReference; fileEncoding = 4; lastKnownFileType = sourcecode.c.objc; path = LJBRootController.m; sourceTree = "<group>"; };
		EC6CD1ED1C4F6C7B00EE344D /* LJBLoadingAnimationController.h */ = {isa = PBXFileReference; fileEncoding = 4; lastKnownFileType = sourcecode.c.h; path = LJBLoadingAnimationController.h; sourceTree = "<group>"; };
		EC6CD1EE1C4F6C7B00EE344D /* LJBLoadingAnimationController.m */ = {isa = PBXFileReference; fileEncoding = 4; lastKnownFileType = sourcecode.c.objc; path = LJBLoadingAnimationController.m; sourceTree = "<group>"; };
		EC6CD1F21C4F6D4200EE344D /* LJBPotLoadingView.h */ = {isa = PBXFileReference; fileEncoding = 4; lastKnownFileType = sourcecode.c.h; path = LJBPotLoadingView.h; sourceTree = "<group>"; };
		EC6CD1F31C4F6D4200EE344D /* LJBPotLoadingView.m */ = {isa = PBXFileReference; fileEncoding = 4; lastKnownFileType = sourcecode.c.objc; path = LJBPotLoadingView.m; sourceTree = "<group>"; };
		EC98E1031C6392880055DC02 /* LJBLoopScaleLoadingView.h */ = {isa = PBXFileReference; fileEncoding = 4; lastKnownFileType = sourcecode.c.h; path = LJBLoopScaleLoadingView.h; sourceTree = "<group>"; };
		EC98E1041C6392880055DC02 /* LJBLoopScaleLoadingView.m */ = {isa = PBXFileReference; fileEncoding = 4; lastKnownFileType = sourcecode.c.objc; path = LJBLoopScaleLoadingView.m; sourceTree = "<group>"; };
		EC98E1061C63A1BC0055DC02 /* animation.gif */ = {isa = PBXFileReference; lastKnownFileType = image.gif; path = animation.gif; sourceTree = "<group>"; };
		ECEE65151C50893D00B987CC /* LJBFanLoadingView.h */ = {isa = PBXFileReference; fileEncoding = 4; lastKnownFileType = sourcecode.c.h; path = LJBFanLoadingView.h; sourceTree = "<group>"; };
		ECEE65161C50893D00B987CC /* LJBFanLoadingView.m */ = {isa = PBXFileReference; fileEncoding = 4; lastKnownFileType = sourcecode.c.objc; path = LJBFanLoadingView.m; sourceTree = "<group>"; };
		ECEE65181C5091B600B987CC /* LJBLoopPieLoadingView.h */ = {isa = PBXFileReference; fileEncoding = 4; lastKnownFileType = sourcecode.c.h; path = LJBLoopPieLoadingView.h; sourceTree = "<group>"; };
		ECEE65191C5091B600B987CC /* LJBLoopPieLoadingView.m */ = {isa = PBXFileReference; fileEncoding = 4; lastKnownFileType = sourcecode.c.objc; path = LJBLoopPieLoadingView.m; sourceTree = "<group>"; };
		ECEE651B1C50B3EB00B987CC /* LJBLoopLoadingView.h */ = {isa = PBXFileReference; fileEncoding = 4; lastKnownFileType = sourcecode.c.h; path = LJBLoopLoadingView.h; sourceTree = "<group>"; };
		ECEE651C1C50B3EB00B987CC /* LJBLoopLoadingView.m */ = {isa = PBXFileReference; fileEncoding = 4; lastKnownFileType = sourcecode.c.objc; path = LJBLoopLoadingView.m; sourceTree = "<group>"; };
/* End PBXFileReference section */

/* Begin PBXFrameworksBuildPhase section */
		EC6CD19E1C4F67F000EE344D /* Frameworks */ = {
			isa = PBXFrameworksBuildPhase;
			buildActionMask = 2147483647;
			files = (
				078F58849C9D44E54523B184 /* libPods.a in Frameworks */,
			);
			runOnlyForDeploymentPostprocessing = 0;
		};
		EC6CD1B71C4F67F000EE344D /* Frameworks */ = {
			isa = PBXFrameworksBuildPhase;
			buildActionMask = 2147483647;
			files = (
			);
			runOnlyForDeploymentPostprocessing = 0;
		};
		EC6CD1C21C4F67F000EE344D /* Frameworks */ = {
			isa = PBXFrameworksBuildPhase;
			buildActionMask = 2147483647;
			files = (
			);
			runOnlyForDeploymentPostprocessing = 0;
		};
/* End PBXFrameworksBuildPhase section */

/* Begin PBXGroup section */
		0B3284D1A746ED1FEB4935C6 /* Frameworks */ = {
			isa = PBXGroup;
			children = (
				93E0C30EE6D8F6E41A30474E /* libPods.a */,
			);
			name = Frameworks;
			sourceTree = "<group>";
		};
		4246B888F167EFEA923787C2 /* Pods */ = {
			isa = PBXGroup;
			children = (
				4522778BF37E95EBFF389EE1 /* Pods.debug.xcconfig */,
				9FFFB79EF346C26D381CEEAE /* Pods.release.xcconfig */,
			);
			name = Pods;
			sourceTree = "<group>";
		};
		EC0957FB1C8EBE0D00907FCF /* Tool */ = {
			isa = PBXGroup;
			children = (
				EC0957FC1C8EBE2400907FCF /* LJBSpringAnimationTool.h */,
				EC0957FD1C8EBE2400907FCF /* LJBSpringAnimationTool.m */,
			);
			path = Tool;
			sourceTree = "<group>";
		};
		EC6CD1981C4F67F000EE344D = {
			isa = PBXGroup;
			children = (
				EC6CD1A31C4F67F000EE344D /* LJBAnimationDemos */,
				EC6CD1BD1C4F67F000EE344D /* LJBAnimationDemosTests */,
				EC6CD1C81C4F67F000EE344D /* LJBAnimationDemosUITests */,
				EC6CD1A21C4F67F000EE344D /* Products */,
				4246B888F167EFEA923787C2 /* Pods */,
				0B3284D1A746ED1FEB4935C6 /* Frameworks */,
			);
			sourceTree = "<group>";
		};
		EC6CD1A21C4F67F000EE344D /* Products */ = {
			isa = PBXGroup;
			children = (
				EC6CD1A11C4F67F000EE344D /* LJBAnimationDemos.app */,
				EC6CD1BA1C4F67F000EE344D /* LJBAnimationDemosTests.xctest */,
				EC6CD1C51C4F67F000EE344D /* LJBAnimationDemosUITests.xctest */,
			);
			name = Products;
			sourceTree = "<group>";
		};
		EC6CD1A31C4F67F000EE344D /* LJBAnimationDemos */ = {
			isa = PBXGroup;
			children = (
				EC6CD1D71C4F684D00EE344D /* Classes */,
				EC6CD1A41C4F67F000EE344D /* Supporting Files */,
			);
			path = LJBAnimationDemos;
			sourceTree = "<group>";
		};
		EC6CD1A41C4F67F000EE344D /* Supporting Files */ = {
			isa = PBXGroup;
			children = (
				EC0957FF1C8EC8BE00907FCF /* spring.gif */,
				EC98E1061C63A1BC0055DC02 /* animation.gif */,
				EC6CD1AD1C4F67F000EE344D /* Main.storyboard */,
				EC6CD1B01C4F67F000EE344D /* Assets.xcassets */,
				EC6CD1B21C4F67F000EE344D /* LaunchScreen.storyboard */,
				EC6CD1B51C4F67F000EE344D /* Info.plist */,
			);
			name = "Supporting Files";
			sourceTree = "<group>";
		};
		EC6CD1BD1C4F67F000EE344D /* LJBAnimationDemosTests */ = {
			isa = PBXGroup;
			children = (
				EC6CD1BE1C4F67F000EE344D /* LJBAnimationDemosTests.m */,
				EC6CD1C01C4F67F000EE344D /* Info.plist */,
			);
			path = LJBAnimationDemosTests;
			sourceTree = "<group>";
		};
		EC6CD1C81C4F67F000EE344D /* LJBAnimationDemosUITests */ = {
			isa = PBXGroup;
			children = (
				EC6CD1C91C4F67F000EE344D /* LJBAnimationDemosUITests.m */,
				EC6CD1CB1C4F67F000EE344D /* Info.plist */,
			);
			path = LJBAnimationDemosUITests;
			sourceTree = "<group>";
		};
		EC6CD1D71C4F684D00EE344D /* Classes */ = {
			isa = PBXGroup;
			children = (
				EC6CD1D81C4F684D00EE344D /* Demo */,
				EC6CD1D91C4F684D00EE344D /* Other */,
				EC6CD1DD1C4F684D00EE344D /* Root */,
			);
			path = Classes;
			sourceTree = "<group>";
		};
		EC6CD1D81C4F684D00EE344D /* Demo */ = {
			isa = PBXGroup;
			children = (
				EC0957FB1C8EBE0D00907FCF /* Tool */,
				EC6CD1EC1C4F6C7B00EE344D /* Controller */,
				EC6CD1EF1C4F6C7B00EE344D /* View */,
			);
			path = Demo;
			sourceTree = "<group>";
		};
		EC6CD1D91C4F684D00EE344D /* Other */ = {
			isa = PBXGroup;
			children = (
				EC6CD1DA1C4F684D00EE344D /* AppDelegate.h */,
				EC6CD1DB1C4F684D00EE344D /* AppDelegate.m */,
				EC6CD1DC1C4F684D00EE344D /* main.m */,
			);
			path = Other;
			sourceTree = "<group>";
		};
		EC6CD1DD1C4F684D00EE344D /* Root */ = {
			isa = PBXGroup;
			children = (
				EC6CD1E31C4F687D00EE344D /* LJBRootController.h */,
				EC6CD1E41C4F687D00EE344D /* LJBRootController.m */,
			);
			path = Root;
			sourceTree = "<group>";
		};
		EC6CD1EC1C4F6C7B00EE344D /* Controller */ = {
			isa = PBXGroup;
			children = (
				EC6CD1ED1C4F6C7B00EE344D /* LJBLoadingAnimationController.h */,
				EC6CD1EE1C4F6C7B00EE344D /* LJBLoadingAnimationController.m */,
				EC0957F81C8EA6EA00907FCF /* LJBSpringAnimationController.h */,
				EC0957F91C8EA6EA00907FCF /* LJBSpringAnimationController.m */,
			);
			path = Controller;
			sourceTree = "<group>";
		};
		EC6CD1EF1C4F6C7B00EE344D /* View */ = {
			isa = PBXGroup;
			children = (
				EC6CD1F11C4F6CFA00EE344D /* LoadingAnimation */,
			);
			path = View;
			sourceTree = "<group>";
		};
		EC6CD1F11C4F6CFA00EE344D /* LoadingAnimation */ = {
			isa = PBXGroup;
			children = (
				EC6CD1F21C4F6D4200EE344D /* LJBPotLoadingView.h */,
				EC6CD1F31C4F6D4200EE344D /* LJBPotLoadingView.m */,
				ECEE65151C50893D00B987CC /* LJBFanLoadingView.h */,
				ECEE65161C50893D00B987CC /* LJBFanLoadingView.m */,
				ECEE65181C5091B600B987CC /* LJBLoopPieLoadingView.h */,
				ECEE65191C5091B600B987CC /* LJBLoopPieLoadingView.m */,
				ECEE651B1C50B3EB00B987CC /* LJBLoopLoadingView.h */,
				ECEE651C1C50B3EB00B987CC /* LJBLoopLoadingView.m */,
				EC26D5721C5873DE001565F6 /* LJBLoopSpotLoadingView.h */,
				EC26D5731C5873DE001565F6 /* LJBLoopSpotLoadingView.m */,
				EC98E1031C6392880055DC02 /* LJBLoopScaleLoadingView.h */,
				EC98E1041C6392880055DC02 /* LJBLoopScaleLoadingView.m */,
			);
			path = LoadingAnimation;
			sourceTree = "<group>";
		};
/* End PBXGroup section */

/* Begin PBXNativeTarget section */
		EC6CD1A01C4F67F000EE344D /* LJBAnimationDemos */ = {
			isa = PBXNativeTarget;
			buildConfigurationList = EC6CD1CE1C4F67F000EE344D /* Build configuration list for PBXNativeTarget "LJBAnimationDemos" */;
			buildPhases = (
				110E492219761541215DE0DD /* Check Pods Manifest.lock */,
				EC6CD19D1C4F67F000EE344D /* Sources */,
				EC6CD19E1C4F67F000EE344D /* Frameworks */,
				EC6CD19F1C4F67F000EE344D /* Resources */,
				926E422191F2E82990F03E02 /* Embed Pods Frameworks */,
				430B87E2819209C8E20BAE3D /* Copy Pods Resources */,
			);
			buildRules = (
			);
			dependencies = (
			);
			name = LJBAnimationDemos;
			productName = LJBAnimationDemos;
			productReference = EC6CD1A11C4F67F000EE344D /* LJBAnimationDemos.app */;
			productType = "com.apple.product-type.application";
		};
		EC6CD1B91C4F67F000EE344D /* LJBAnimationDemosTests */ = {
			isa = PBXNativeTarget;
			buildConfigurationList = EC6CD1D11C4F67F000EE344D /* Build configuration list for PBXNativeTarget "LJBAnimationDemosTests" */;
			buildPhases = (
				EC6CD1B61C4F67F000EE344D /* Sources */,
				EC6CD1B71C4F67F000EE344D /* Frameworks */,
				EC6CD1B81C4F67F000EE344D /* Resources */,
			);
			buildRules = (
			);
			dependencies = (
				EC6CD1BC1C4F67F000EE344D /* PBXTargetDependency */,
			);
			name = LJBAnimationDemosTests;
			productName = LJBAnimationDemosTests;
			productReference = EC6CD1BA1C4F67F000EE344D /* LJBAnimationDemosTests.xctest */;
			productType = "com.apple.product-type.bundle.unit-test";
		};
		EC6CD1C41C4F67F000EE344D /* LJBAnimationDemosUITests */ = {
			isa = PBXNativeTarget;
			buildConfigurationList = EC6CD1D41C4F67F000EE344D /* Build configuration list for PBXNativeTarget "LJBAnimationDemosUITests" */;
			buildPhases = (
				EC6CD1C11C4F67F000EE344D /* Sources */,
				EC6CD1C21C4F67F000EE344D /* Frameworks */,
				EC6CD1C31C4F67F000EE344D /* Resources */,
			);
			buildRules = (
			);
			dependencies = (
				EC6CD1C71C4F67F000EE344D /* PBXTargetDependency */,
			);
			name = LJBAnimationDemosUITests;
			productName = LJBAnimationDemosUITests;
			productReference = EC6CD1C51C4F67F000EE344D /* LJBAnimationDemosUITests.xctest */;
			productType = "com.apple.product-type.bundle.ui-testing";
		};
/* End PBXNativeTarget section */

/* Begin PBXProject section */
		EC6CD1991C4F67F000EE344D /* Project object */ = {
			isa = PBXProject;
			attributes = {
				CLASSPREFIX = LJB;
				LastUpgradeCheck = 0720;
				ORGANIZATIONNAME = ljunb;
				TargetAttributes = {
					EC6CD1A01C4F67F000EE344D = {
						CreatedOnToolsVersion = 7.2;
					};
					EC6CD1B91C4F67F000EE344D = {
						CreatedOnToolsVersion = 7.2;
						TestTargetID = EC6CD1A01C4F67F000EE344D;
					};
					EC6CD1C41C4F67F000EE344D = {
						CreatedOnToolsVersion = 7.2;
						TestTargetID = EC6CD1A01C4F67F000EE344D;
					};
				};
			};
			buildConfigurationList = EC6CD19C1C4F67F000EE344D /* Build configuration list for PBXProject "LJBAnimationDemos" */;
			compatibilityVersion = "Xcode 3.2";
			developmentRegion = English;
			hasScannedForEncodings = 0;
			knownRegions = (
				en,
				Base,
			);
			mainGroup = EC6CD1981C4F67F000EE344D;
			productRefGroup = EC6CD1A21C4F67F000EE344D /* Products */;
			projectDirPath = "";
			projectRoot = "";
			targets = (
				EC6CD1A01C4F67F000EE344D /* LJBAnimationDemos */,
				EC6CD1B91C4F67F000EE344D /* LJBAnimationDemosTests */,
				EC6CD1C41C4F67F000EE344D /* LJBAnimationDemosUITests */,
			);
		};
/* End PBXProject section */

/* Begin PBXResourcesBuildPhase section */
		EC6CD19F1C4F67F000EE344D /* Resources */ = {
			isa = PBXResourcesBuildPhase;
			buildActionMask = 2147483647;
			files = (
				EC6CD1B41C4F67F000EE344D /* LaunchScreen.storyboard in Resources */,
				EC98E1071C63A1BC0055DC02 /* animation.gif in Resources */,
				EC6CD1B11C4F67F000EE344D /* Assets.xcassets in Resources */,
				EC6CD1AF1C4F67F000EE344D /* Main.storyboard in Resources */,
				EC0958001C8EC8BE00907FCF /* spring.gif in Resources */,
			);
			runOnlyForDeploymentPostprocessing = 0;
		};
		EC6CD1B81C4F67F000EE344D /* Resources */ = {
			isa = PBXResourcesBuildPhase;
			buildActionMask = 2147483647;
			files = (
			);
			runOnlyForDeploymentPostprocessing = 0;
		};
		EC6CD1C31C4F67F000EE344D /* Resources */ = {
			isa = PBXResourcesBuildPhase;
			buildActionMask = 2147483647;
			files = (
			);
			runOnlyForDeploymentPostprocessing = 0;
		};
/* End PBXResourcesBuildPhase section */

/* Begin PBXShellScriptBuildPhase section */
		110E492219761541215DE0DD /* Check Pods Manifest.lock */ = {
			isa = PBXShellScriptBuildPhase;
			buildActionMask = 2147483647;
			files = (
			);
			inputPaths = (
			);
			name = "Check Pods Manifest.lock";
			outputPaths = (
			);
			runOnlyForDeploymentPostprocessing = 0;
			shellPath = /bin/sh;
			shellScript = "diff \"${PODS_ROOT}/../Podfile.lock\" \"${PODS_ROOT}/Manifest.lock\" > /dev/null\nif [[ $? != 0 ]] ; then\n    cat << EOM\nerror: The sandbox is not in sync with the Podfile.lock. Run 'pod install' or update your CocoaPods installation.\nEOM\n    exit 1\nfi\n";
			showEnvVarsInLog = 0;
		};
		430B87E2819209C8E20BAE3D /* Copy Pods Resources */ = {
			isa = PBXShellScriptBuildPhase;
			buildActionMask = 2147483647;
			files = (
			);
			inputPaths = (
			);
			name = "Copy Pods Resources";
			outputPaths = (
			);
			runOnlyForDeploymentPostprocessing = 0;
			shellPath = /bin/sh;
			shellScript = "\"${SRCROOT}/Pods/Target Support Files/Pods/Pods-resources.sh\"\n";
			showEnvVarsInLog = 0;
		};
		926E422191F2E82990F03E02 /* Embed Pods Frameworks */ = {
			isa = PBXShellScriptBuildPhase;
			buildActionMask = 2147483647;
			files = (
			);
			inputPaths = (
			);
			name = "Embed Pods Frameworks";
			outputPaths = (
			);
			runOnlyForDeploymentPostprocessing = 0;
			shellPath = /bin/sh;
			shellScript = "\"${SRCROOT}/Pods/Target Support Files/Pods/Pods-frameworks.sh\"\n";
			showEnvVarsInLog = 0;
		};
/* End PBXShellScriptBuildPhase section */

/* Begin PBXSourcesBuildPhase section */
		EC6CD19D1C4F67F000EE344D /* Sources */ = {
			isa = PBXSourcesBuildPhase;
			buildActionMask = 2147483647;
			files = (
				ECEE65171C50893D00B987CC /* LJBFanLoadingView.m in Sources */,
				EC98E1051C6392880055DC02 /* LJBLoopScaleLoadingView.m in Sources */,
				EC6CD1F41C4F6D4200EE344D /* LJBPotLoadingView.m in Sources */,
				EC26D5741C5873DE001565F6 /* LJBLoopSpotLoadingView.m in Sources */,
				ECEE651D1C50B3EB00B987CC /* LJBLoopLoadingView.m in Sources */,
				ECEE651A1C5091B600B987CC /* LJBLoopPieLoadingView.m in Sources */,
				EC0957FA1C8EA6EA00907FCF /* LJBSpringAnimationController.m in Sources */,
				EC6CD1E11C4F684D00EE344D /* main.m in Sources */,
				EC0957FE1C8EBE2400907FCF /* LJBSpringAnimationTool.m in Sources */,
				EC6CD1E51C4F687D00EE344D /* LJBRootController.m in Sources */,
				EC6CD1F01C4F6C7B00EE344D /* LJBLoadingAnimationController.m in Sources */,
				EC6CD1E01C4F684D00EE344D /* AppDelegate.m in Sources */,
			);
			runOnlyForDeploymentPostprocessing = 0;
		};
		EC6CD1B61C4F67F000EE344D /* Sources */ = {
			isa = PBXSourcesBuildPhase;
			buildActionMask = 2147483647;
			files = (
				EC6CD1BF1C4F67F000EE344D /* LJBAnimationDemosTests.m in Sources */,
			);
			runOnlyForDeploymentPostprocessing = 0;
		};
		EC6CD1C11C4F67F000EE344D /* Sources */ = {
			isa = PBXSourcesBuildPhase;
			buildActionMask = 2147483647;
			files = (
				EC6CD1CA1C4F67F000EE344D /* LJBAnimationDemosUITests.m in Sources */,
			);
			runOnlyForDeploymentPostprocessing = 0;
		};
/* End PBXSourcesBuildPhase section */

/* Begin PBXTargetDependency section */
		EC6CD1BC1C4F67F000EE344D /* PBXTargetDependency */ = {
			isa = PBXTargetDependency;
			target = EC6CD1A01C4F67F000EE344D /* LJBAnimationDemos */;
			targetProxy = EC6CD1BB1C4F67F000EE344D /* PBXContainerItemProxy */;
		};
		EC6CD1C71C4F67F000EE344D /* PBXTargetDependency */ = {
			isa = PBXTargetDependency;
			target = EC6CD1A01C4F67F000EE344D /* LJBAnimationDemos */;
			targetProxy = EC6CD1C61C4F67F000EE344D /* PBXContainerItemProxy */;
		};
/* End PBXTargetDependency section */

/* Begin PBXVariantGroup section */
		EC6CD1AD1C4F67F000EE344D /* Main.storyboard */ = {
			isa = PBXVariantGroup;
			children = (
				EC6CD1AE1C4F67F000EE344D /* Base */,
			);
			name = Main.storyboard;
			sourceTree = "<group>";
		};
		EC6CD1B21C4F67F000EE344D /* LaunchScreen.storyboard */ = {
			isa = PBXVariantGroup;
			children = (
				EC6CD1B31C4F67F000EE344D /* Base */,
			);
			name = LaunchScreen.storyboard;
			sourceTree = "<group>";
		};
/* End PBXVariantGroup section */

/* Begin XCBuildConfiguration section */
		EC6CD1CC1C4F67F000EE344D /* Debug */ = {
			isa = XCBuildConfiguration;
			buildSettings = {
				ALWAYS_SEARCH_USER_PATHS = NO;
				CLANG_CXX_LANGUAGE_STANDARD = "gnu++0x";
				CLANG_CXX_LIBRARY = "libc++";
				CLANG_ENABLE_MODULES = YES;
				CLANG_ENABLE_OBJC_ARC = YES;
				CLANG_WARN_BOOL_CONVERSION = YES;
				CLANG_WARN_CONSTANT_CONVERSION = YES;
				CLANG_WARN_DIRECT_OBJC_ISA_USAGE = YES_ERROR;
				CLANG_WARN_EMPTY_BODY = YES;
				CLANG_WARN_ENUM_CONVERSION = YES;
				CLANG_WARN_INT_CONVERSION = YES;
				CLANG_WARN_OBJC_ROOT_CLASS = YES_ERROR;
				CLANG_WARN_UNREACHABLE_CODE = YES;
				CLANG_WARN__DUPLICATE_METHOD_MATCH = YES;
				"CODE_SIGN_IDENTITY[sdk=iphoneos*]" = "iPhone Developer";
				COPY_PHASE_STRIP = NO;
				DEBUG_INFORMATION_FORMAT = dwarf;
				ENABLE_STRICT_OBJC_MSGSEND = YES;
				ENABLE_TESTABILITY = YES;
				GCC_C_LANGUAGE_STANDARD = gnu99;
				GCC_DYNAMIC_NO_PIC = NO;
				GCC_NO_COMMON_BLOCKS = YES;
				GCC_OPTIMIZATION_LEVEL = 0;
				GCC_PREPROCESSOR_DEFINITIONS = (
					"DEBUG=1",
					"$(inherited)",
				);
				GCC_WARN_64_TO_32_BIT_CONVERSION = YES;
				GCC_WARN_ABOUT_RETURN_TYPE = YES_ERROR;
				GCC_WARN_UNDECLARED_SELECTOR = YES;
				GCC_WARN_UNINITIALIZED_AUTOS = YES_AGGRESSIVE;
				GCC_WARN_UNUSED_FUNCTION = YES;
				GCC_WARN_UNUSED_VARIABLE = YES;
				IPHONEOS_DEPLOYMENT_TARGET = 9.2;
				MTL_ENABLE_DEBUG_INFO = YES;
				ONLY_ACTIVE_ARCH = YES;
				SDKROOT = iphoneos;
			};
			name = Debug;
		};
		EC6CD1CD1C4F67F000EE344D /* Release */ = {
			isa = XCBuildConfiguration;
			buildSettings = {
				ALWAYS_SEARCH_USER_PATHS = NO;
				CLANG_CXX_LANGUAGE_STANDARD = "gnu++0x";
				CLANG_CXX_LIBRARY = "libc++";
				CLANG_ENABLE_MODULES = YES;
				CLANG_ENABLE_OBJC_ARC = YES;
				CLANG_WARN_BOOL_CONVERSION = YES;
				CLANG_WARN_CONSTANT_CONVERSION = YES;
				CLANG_WARN_DIRECT_OBJC_ISA_USAGE = YES_ERROR;
				CLANG_WARN_EMPTY_BODY = YES;
				CLANG_WARN_ENUM_CONVERSION = YES;
				CLANG_WARN_INT_CONVERSION = YES;
				CLANG_WARN_OBJC_ROOT_CLASS = YES_ERROR;
				CLANG_WARN_UNREACHABLE_CODE = YES;
				CLANG_WARN__DUPLICATE_METHOD_MATCH = YES;
				"CODE_SIGN_IDENTITY[sdk=iphoneos*]" = "iPhone Developer";
				COPY_PHASE_STRIP = NO;
				DEBUG_INFORMATION_FORMAT = "dwarf-with-dsym";
				ENABLE_NS_ASSERTIONS = NO;
				ENABLE_STRICT_OBJC_MSGSEND = YES;
				GCC_C_LANGUAGE_STANDARD = gnu99;
				GCC_NO_COMMON_BLOCKS = YES;
				GCC_WARN_64_TO_32_BIT_CONVERSION = YES;
				GCC_WARN_ABOUT_RETURN_TYPE = YES_ERROR;
				GCC_WARN_UNDECLARED_SELECTOR = YES;
				GCC_WARN_UNINITIALIZED_AUTOS = YES_AGGRESSIVE;
				GCC_WARN_UNUSED_FUNCTION = YES;
				GCC_WARN_UNUSED_VARIABLE = YES;
				IPHONEOS_DEPLOYMENT_TARGET = 9.2;
				MTL_ENABLE_DEBUG_INFO = NO;
				SDKROOT = iphoneos;
				VALIDATE_PRODUCT = YES;
			};
			name = Release;
		};
		EC6CD1CF1C4F67F000EE344D /* Debug */ = {
			isa = XCBuildConfiguration;
			baseConfigurationReference = 4522778BF37E95EBFF389EE1 /* Pods.debug.xcconfig */;
			buildSettings = {
				ASSETCATALOG_COMPILER_APPICON_NAME = AppIcon;
				INFOPLIST_FILE = LJBAnimationDemos/Info.plist;
				IPHONEOS_DEPLOYMENT_TARGET = 8.4;
				LD_RUNPATH_SEARCH_PATHS = "$(inherited) @executable_path/Frameworks";
				PRODUCT_BUNDLE_IDENTIFIER = ljunb.LJBAnimationDemos;
				PRODUCT_NAME = "$(TARGET_NAME)";
			};
			name = Debug;
		};
		EC6CD1D01C4F67F000EE344D /* Release */ = {
			isa = XCBuildConfiguration;
			baseConfigurationReference = 9FFFB79EF346C26D381CEEAE /* Pods.release.xcconfig */;
			buildSettings = {
				ASSETCATALOG_COMPILER_APPICON_NAME = AppIcon;
				INFOPLIST_FILE = LJBAnimationDemos/Info.plist;
				IPHONEOS_DEPLOYMENT_TARGET = 8.4;
				LD_RUNPATH_SEARCH_PATHS = "$(inherited) @executable_path/Frameworks";
				PRODUCT_BUNDLE_IDENTIFIER = ljunb.LJBAnimationDemos;
				PRODUCT_NAME = "$(TARGET_NAME)";
			};
			name = Release;
		};
		EC6CD1D21C4F67F000EE344D /* Debug */ = {
			isa = XCBuildConfiguration;
			buildSettings = {
				BUNDLE_LOADER = "$(TEST_HOST)";
				INFOPLIST_FILE = LJBAnimationDemosTests/Info.plist;
				LD_RUNPATH_SEARCH_PATHS = "$(inherited) @executable_path/Frameworks @loader_path/Frameworks";
				PRODUCT_BUNDLE_IDENTIFIER = ljunb.LJBAnimationDemosTests;
				PRODUCT_NAME = "$(TARGET_NAME)";
				TEST_HOST = "$(BUILT_PRODUCTS_DIR)/LJBAnimationDemos.app/LJBAnimationDemos";
			};
			name = Debug;
		};
		EC6CD1D31C4F67F000EE344D /* Release */ = {
			isa = XCBuildConfiguration;
			buildSettings = {
				BUNDLE_LOADER = "$(TEST_HOST)";
				INFOPLIST_FILE = LJBAnimationDemosTests/Info.plist;
				LD_RUNPATH_SEARCH_PATHS = "$(inherited) @executable_path/Frameworks @loader_path/Frameworks";
				PRODUCT_BUNDLE_IDENTIFIER = ljunb.LJBAnimationDemosTests;
				PRODUCT_NAME = "$(TARGET_NAME)";
				TEST_HOST = "$(BUILT_PRODUCTS_DIR)/LJBAnimationDemos.app/LJBAnimationDemos";
			};
			name = Release;
		};
		EC6CD1D51C4F67F000EE344D /* Debug */ = {
			isa = XCBuildConfiguration;
			buildSettings = {
				INFOPLIST_FILE = LJBAnimationDemosUITests/Info.plist;
				LD_RUNPATH_SEARCH_PATHS = "$(inherited) @executable_path/Frameworks @loader_path/Frameworks";
				PRODUCT_BUNDLE_IDENTIFIER = ljunb.LJBAnimationDemosUITests;
				PRODUCT_NAME = "$(TARGET_NAME)";
				TEST_TARGET_NAME = LJBAnimationDemos;
				USES_XCTRUNNER = YES;
			};
			name = Debug;
		};
		EC6CD1D61C4F67F000EE344D /* Release */ = {
			isa = XCBuildConfiguration;
			buildSettings = {
				INFOPLIST_FILE = LJBAnimationDemosUITests/Info.plist;
				LD_RUNPATH_SEARCH_PATHS = "$(inherited) @executable_path/Frameworks @loader_path/Frameworks";
				PRODUCT_BUNDLE_IDENTIFIER = ljunb.LJBAnimationDemosUITests;
				PRODUCT_NAME = "$(TARGET_NAME)";
				TEST_TARGET_NAME = LJBAnimationDemos;
				USES_XCTRUNNER = YES;
			};
			name = Release;
		};
/* End XCBuildConfiguration section */

/* Begin XCConfigurationList section */
		EC6CD19C1C4F67F000EE344D /* Build configuration list for PBXProject "LJBAnimationDemos" */ = {
			isa = XCConfigurationList;
			buildConfigurations = (
				EC6CD1CC1C4F67F000EE344D /* Debug */,
				EC6CD1CD1C4F67F000EE344D /* Release */,
			);
			defaultConfigurationIsVisible = 0;
			defaultConfigurationName = Release;
		};
		EC6CD1CE1C4F67F000EE344D /* Build configuration list for PBXNativeTarget "LJBAnimationDemos" */ = {
			isa = XCConfigurationList;
			buildConfigurations = (
				EC6CD1CF1C4F67F000EE344D /* Debug */,
				EC6CD1D01C4F67F000EE344D /* Release */,
			);
			defaultConfigurationIsVisible = 0;
			defaultConfigurationName = Release;
		};
		EC6CD1D11C4F67F000EE344D /* Build configuration list for PBXNativeTarget "LJBAnimationDemosTests" */ = {
			isa = XCConfigurationList;
			buildConfigurations = (
				EC6CD1D21C4F67F000EE344D /* Debug */,
				EC6CD1D31C4F67F000EE344D /* Release */,
			);
			defaultConfigurationIsVisible = 0;
			defaultConfigurationName = Release;
		};
		EC6CD1D41C4F67F000EE344D /* Build configuration list for PBXNativeTarget "LJBAnimationDemosUITests" */ = {
			isa = XCConfigurationList;
			buildConfigurations = (
				EC6CD1D51C4F67F000EE344D /* Debug */,
				EC6CD1D61C4F67F000EE344D /* Release */,
			);
			defaultConfigurationIsVisible = 0;
			defaultConfigurationName = Release;
		};
/* End XCConfigurationList section */
	};
	rootObject = EC6CD1991C4F67F000EE344D /* Project object */;
}
